
Microsoft Visual Studio Solution File, Format Version 12.00
# Visual Studio Version 17
VisualStudioVersion = 17.11.35312.102
MinimumVisualStudioVersion = 10.0.40219.1
Project("{FAE04EC0-301F-11D3-BF4B-00C04F79EFBC}") = "SSEMessaging", "SSEMessaging\SSEMessaging.csproj", "{37E9D95E-031C-4D1E-A261-18B6242B55F8}"
EndProject
Project("{FAE04EC0-301F-11D3-BF4B-00C04F79EFBC}") = "SSE.Application", "SSE.Application\SSE.Application.csproj", "{3EB01AC8-FF21-4A4E-A46A-F51D5F542494}"
EndProject
Global
	GlobalSection(SolutionConfigurationPlatforms) = preSolution
		Debug|Any CPU = Debug|Any CPU
		Release|Any CPU = Release|Any CPU
	EndGlobalSection
	GlobalSection(ProjectConfigurationPlatforms) = postSolution
		{37E9D95E-031C-4D1E-A261-18B6242B55F8}.Debug|Any CPU.ActiveCfg = Debug|Any CPU
		{37E9D95E-031C-4D1E-A261-18B6242B55F8}.Debug|Any CPU.Build.0 = Debug|Any CPU
		{37E9D95E-031C-4D1E-A261-18B6242B55F8}.Release|Any CPU.ActiveCfg = Release|Any CPU
		{37E9D95E-031C-4D1E-A261-18B6242B55F8}.Release|Any CPU.Build.0 = Release|Any CPU
		{3EB01AC8-FF21-4A4E-A46A-F51D5F542494}.Debug|Any CPU.ActiveCfg = Debug|Any CPU
		{3EB01AC8-FF21-4A4E-A46A-F51D5F542494}.Debug|Any CPU.Build.0 = Debug|Any CPU
		{3EB01AC8-FF21-4A4E-A46A-F51D5F542494}.Release|Any CPU.ActiveCfg = Release|Any CPU
		{3EB01AC8-FF21-4A4E-A46A-F51D5F542494}.Release|Any CPU.Build.0 = Release|Any CPU
	EndGlobalSection
	GlobalSection(SolutionProperties) = preSolution
		HideSolutionNode = FALSE
	EndGlobalSection
	GlobalSection(ExtensibilityGlobals) = postSolution
		SolutionGuid = {4E4CAD5A-6026-474A-AB0E-6B16F2D33295}
	EndGlobalSection
EndGlobal
